
Microsoft Visual Studio Solution File, Format Version 12.00
# Visual Studio Version 17
VisualStudioVersion = 17.8.34511.84
MinimumVisualStudioVersion = 10.0.40219.1
Project("{8BC9CEB8-8B4A-11D0-8D11-00A0C91BC942}") = "ScientistManagementSystem", "ScientistManagementSystem.vcxproj", "{340B70B3-6B30-4CCC-A092-A1CD93E1535B}"
EndProject
Global
	GlobalSection(SolutionConfigurationPlatforms) = preSolution
		Debug|Any CPU = Debug|Any CPU
		Debug|x64 = Debug|x64
		Debug|x86 = Debug|x86
		Release|Any CPU = Release|Any CPU
		Release|x64 = Release|x64
		Release|x86 = Release|x86
	EndGlobalSection
	GlobalSection(ProjectConfigurationPlatforms) = postSolution
		{340B70B3-6B30-4CCC-A092-A1CD93E1535B}.Debug|Any CPU.ActiveCfg = Debug|x64
		{340B70B3-6B30-4CCC-A092-A1CD93E1535B}.Debug|Any CPU.Build.0 = Debug|x64
		{340B70B3-6B30-4CCC-A092-A1CD93E1535B}.Debug|x64.ActiveCfg = Debug|x64
		{340B70B3-6B30-4CCC-A092-A1CD93E1535B}.Debug|x64.Build.0 = Debug|x64
		{340B70B3-6B30-4CCC-A092-A1CD93E1535B}.Debug|x86.ActiveCfg = Debug|Win32
		{340B70B3-6B30-4CCC-A092-A1CD93E1535B}.Debug|x86.Build.0 = Debug|Win32
		{340B70B3-6B30-4CCC-A092-A1CD93E1535B}.Release|Any CPU.ActiveCfg = Release|x64
		{340B70B3-6B30-4CCC-A092-A1CD93E1535B}.Release|Any CPU.Build.0 = Release|x64
		{340B70B3-6B30-4CCC-A092-A1CD93E1535B}.Release|x64.ActiveCfg = Release|x64
		{340B70B3-6B30-4CCC-A092-A1CD93E1535B}.Release|x64.Build.0 = Release|x64
		{340B70B3-6B30-4CCC-A092-A1CD93E1535B}.Release|x86.ActiveCfg = Release|Win32
		{340B70B3-6B30-4CCC-A092-A1CD93E1535B}.Release|x86.Build.0 = Release|Win32
	EndGlobalSection
	GlobalSection(SolutionProperties) = preSolution
		HideSolutionNode = FALSE
	EndGlobalSection
	GlobalSection(ExtensibilityGlobals) = postSolution
		SolutionGuid = {3F696E1B-E008-425C-9F7B-31F9F50452CF}
	EndGlobalSection
EndGlobal
